<?xml version="1.0" encoding="utf-8"?>
<Project ToolsVersion="4.0" xmlns="http://schemas.microsoft.com/developer/msbuild/2003">
  <ItemGroup>
    <Filter Include="unit_test">
      <UniqueIdentifier>{40a1f447-055f-4d23-b3b2-997ce1d73a79}</UniqueIdentifier>
    </Filter>
    <Filter Include="include">
      <UniqueIdentifier>{455cea5d-55b0-4af3-8da6-f5194c1ccef0}</UniqueIdentifier>
    </Filter>
    <Filter Include="include\detail">
      <UniqueIdentifier>{1bfb94b1-b688-4d40-ae05-591e782b29bb}</UniqueIdentifier>
    </Filter>
    <Filter Include="include\cmd">
      <UniqueIdentifier>{f5fdc619-8d5e-4a4c-89ca-9a5a44f1675a}</UniqueIdentifier>
    </Filter>
  </ItemGroup>
  <ItemGroup>
    <ClCompile Include="reply_parser_test.cpp">
      <Filter>unit_test</Filter>
    </ClCompile>
    <ClCompile Include="xredis_test.cpp">
      <Filter>unit_test</Filter>
    </ClCompile>
    <ClCompile Include="hash_test.cpp">
      <Filter>unit_test</Filter>
    </ClCompile>
  </ItemGroup>
  <ItemGroup>
    <ClInclude Include="..\include\xredis.hpp">
      <Filter>include</Filter>
    </ClInclude>
    <ClInclude Include="..\include\detail\functional.hpp">
      <Filter>include\detail</Filter>
    </ClInclude>
    <ClInclude Include="..\include\detail\reply_parser.hpp">
      <Filter>include\detail</Filter>
    </ClInclude>
    <ClInclude Include="..\include\detail\client.hpp">
      <Filter>include\detail</Filter>
    </ClInclude>
    <ClInclude Include="..\include\detail\cmd_builder.hpp">
      <Filter>include\detail</Filter>
    </ClInclude>
    <ClInclude Include="..\include\detail\detail.hpp">
      <Filter>include\detail</Filter>
    </ClInclude>
    <ClInclude Include="..\include\hash.hpp">
      <Filter>include\cmd</Filter>
    </ClInclude>
    <ClInclude Include="..\include\list.hpp">
      <Filter>include\cmd</Filter>
    </ClInclude>
    <ClInclude Include="..\include\pubsub.hpp">
      <Filter>include\cmd</Filter>
    </ClInclude>
    <ClInclude Include="..\include\reply_entry.hpp">
      <Filter>include\detail</Filter>
    </ClInclude>
    <ClInclude Include="..\include\callback_func.hpp">
      <Filter>include\detail</Filter>
    </ClInclude>
    <ClInclude Include="..\include\set.hpp">
      <Filter>include\cmd</Filter>
    </ClInclude>
    <ClInclude Include="..\include\string.hpp">
      <Filter>include\cmd</Filter>
    </ClInclude>
  </ItemGroup>
</Project>